
Microsoft Visual Studio Solution File, Format Version 12.00
# Visual Studio 15
VisualStudioVersion = 15.0.28307.271
MinimumVisualStudioVersion = 10.0.40219.1
Project("{FAE04EC0-301F-11D3-BF4B-00C04F79EFBC}") = "nDDE_Net45", "nDDE_Net45\nDDE_Net45.csproj", "{D77772F9-3D3D-40BA-B95F-05C45878078F}"
EndProject
Project("{FAE04EC0-301F-11D3-BF4B-00C04F79EFBC}") = "NDde.Test", "NDde.Test\NDde.Test.csproj", "{D6FDDD04-3BB0-4AE4-B69A-CE8C1238FB00}"
EndProject
Project("{FAE04EC0-301F-11D3-BF4B-00C04F79EFBC}") = "nDDE", "nDDE\nDDE.csproj", "{D7BE45E4-1103-449F-977A-DEDF4E4C348D}"
EndProject
Global
	GlobalSection(SolutionConfigurationPlatforms) = preSolution
		Debug|Any CPU = Debug|Any CPU
		Release|Any CPU = Release|Any CPU
	EndGlobalSection
	GlobalSection(ProjectConfigurationPlatforms) = postSolution
		{D77772F9-3D3D-40BA-B95F-05C45878078F}.Debug|Any CPU.ActiveCfg = Debug|Any CPU
		{D77772F9-3D3D-40BA-B95F-05C45878078F}.Debug|Any CPU.Build.0 = Debug|Any CPU
		{D77772F9-3D3D-40BA-B95F-05C45878078F}.Release|Any CPU.ActiveCfg = Release|Any CPU
		{D77772F9-3D3D-40BA-B95F-05C45878078F}.Release|Any CPU.Build.0 = Release|Any CPU
		{D6FDDD04-3BB0-4AE4-B69A-CE8C1238FB00}.Debug|Any CPU.ActiveCfg = Debug|Any CPU
		{D6FDDD04-3BB0-4AE4-B69A-CE8C1238FB00}.Debug|Any CPU.Build.0 = Debug|Any CPU
		{D6FDDD04-3BB0-4AE4-B69A-CE8C1238FB00}.Release|Any CPU.ActiveCfg = Release|Any CPU
		{D6FDDD04-3BB0-4AE4-B69A-CE8C1238FB00}.Release|Any CPU.Build.0 = Release|Any CPU
		{D7BE45E4-1103-449F-977A-DEDF4E4C348D}.Debug|Any CPU.ActiveCfg = Debug|Any CPU
		{D7BE45E4-1103-449F-977A-DEDF4E4C348D}.Debug|Any CPU.Build.0 = Debug|Any CPU
		{D7BE45E4-1103-449F-977A-DEDF4E4C348D}.Release|Any CPU.ActiveCfg = Release|Any CPU
		{D7BE45E4-1103-449F-977A-DEDF4E4C348D}.Release|Any CPU.Build.0 = Release|Any CPU
	EndGlobalSection
	GlobalSection(SolutionProperties) = preSolution
		HideSolutionNode = FALSE
	EndGlobalSection
	GlobalSection(ExtensibilityGlobals) = postSolution
		SolutionGuid = {A06695AA-4CF5-4128-872C-3EDDF1B29BFA}
	EndGlobalSection
EndGlobal
